// !$*UTF8*$!
{
	archiveVersion = 1;
	classes = {
	};
	objectVersion = 50;
	objects = {

/* Begin PBXBuildFile section */
		EB33B2182681521100057C6F /* AppDelegate.swift in Sources */ = {isa = PBXBuildFile; fileRef = EB33B2172681521100057C6F /* AppDelegate.swift */; };
		EB33B21A2681521100057C6F /* SceneDelegate.swift in Sources */ = {isa = PBXBuildFile; fileRef = EB33B2192681521100057C6F /* SceneDelegate.swift */; };
		EB33B21C2681521100057C6F /* ViewController.swift in Sources */ = {isa = PBXBuildFile; fileRef = EB33B21B2681521100057C6F /* ViewController.swift */; };
		EB33B21F2681521100057C6F /* Main.storyboard in Resources */ = {isa = PBXBuildFile; fileRef = EB33B21D2681521100057C6F /* Main.storyboard */; };
		EB33B2212681521400057C6F /* Assets.xcassets in Resources */ = {isa = PBXBuildFile; fileRef = EB33B2202681521400057C6F /* Assets.xcassets */; };
		EB33B2242681521400057C6F /* LaunchScreen.storyboard in Resources */ = {isa = PBXBuildFile; fileRef = EB33B2222681521400057C6F /* LaunchScreen.storyboard */; };
		EB33B22D2681529200057C6F /* Endereco.swift in Sources */ = {isa = PBXBuildFile; fileRef = EB33B22C2681529200057C6F /* Endereco.swift */; };
		EB33B230268152B400057C6F /* EnderecoPresenter.swift in Sources */ = {isa = PBXBuildFile; fileRef = EB33B22F268152B400057C6F /* EnderecoPresenter.swift */; };
/* End PBXBuildFile section */

/* Begin PBXFileReference section */
		EB33B2142681521100057C6F /* EnderecoMVP.app */ = {isa = PBXFileReference; explicitFileType = wrapper.application; includeInIndex = 0; path = EnderecoMVP.app; sourceTree = BUILT_PRODUCTS_DIR; };
		EB33B2172681521100057C6F /* AppDelegate.swift */ = {isa = PBXFileReference; lastKnownFileType = sourcecode.swift; path = AppDelegate.swift; sourceTree = "<group>"; };
		EB33B2192681521100057C6F /* SceneDelegate.swift */ = {isa = PBXFileReference; lastKnownFileType = sourcecode.swift; path = SceneDelegate.swift; sourceTree = "<group>"; };
		EB33B21B2681521100057C6F /* ViewController.swift */ = {isa = PBXFileReference; lastKnownFileType = sourcecode.swift; path = ViewController.swift; sourceTree = "<group>"; };
		EB33B21E2681521100057C6F /* Base */ = {isa = PBXFileReference; lastKnownFileType = file.storyboard; name = Base; path = Base.lproj/Main.storyboard; sourceTree = "<group>"; };
		EB33B2202681521400057C6F /* Assets.xcassets */ = {isa = PBXFileReference; lastKnownFileType = folder.assetcatalog; path = Assets.xcassets; sourceTree = "<group>"; };
		EB33B2232681521400057C6F /* Base */ = {isa = PBXFileReference; lastKnownFileType = file.storyboard; name = Base; path = Base.lproj/LaunchScreen.storyboard; sourceTree = "<group>"; };
		EB33B2252681521400057C6F /* Info.plist */ = {isa = PBXFileReference; lastKnownFileType = text.plist.xml; path = Info.plist; sourceTree = "<group>"; };
		EB33B22C2681529200057C6F /* Endereco.swift */ = {isa = PBXFileReference; lastKnownFileType = sourcecode.swift; path = Endereco.swift; sourceTree = "<group>"; };
		EB33B22F268152B400057C6F /* EnderecoPresenter.swift */ = {isa = PBXFileReference; lastKnownFileType = sourcecode.swift; path = EnderecoPresenter.swift; sourceTree = "<group>"; };
/* End PBXFileReference section */

/* Begin PBXFrameworksBuildPhase section */
		EB33B2112681521100057C6F /* Frameworks */ = {
			isa = PBXFrameworksBuildPhase;
			buildActionMask = 2147483647;
			files = (
			);
			runOnlyForDeploymentPostprocessing = 0;
		};
/* End PBXFrameworksBuildPhase section */

/* Begin PBXGroup section */
		EB33B20B2681521100057C6F = {
			isa = PBXGroup;
			children = (
				EB33B2162681521100057C6F /* EnderecoMVP */,
				EB33B2152681521100057C6F /* Products */,
			);
			sourceTree = "<group>";
		};
		EB33B2152681521100057C6F /* Products */ = {
			isa = PBXGroup;
			children = (
				EB33B2142681521100057C6F /* EnderecoMVP.app */,
			);
			name = Products;
			sourceTree = "<group>";
		};
		EB33B2162681521100057C6F /* EnderecoMVP */ = {
			isa = PBXGroup;
			children = (
				EB33B22E268152A900057C6F /* Presenter */,
				EB33B22B2681522A00057C6F /* Model */,
				EB33B2172681521100057C6F /* AppDelegate.swift */,
				EB33B2192681521100057C6F /* SceneDelegate.swift */,
				EB33B21B2681521100057C6F /* ViewController.swift */,
				EB33B21D2681521100057C6F /* Main.storyboard */,
				EB33B2202681521400057C6F /* Assets.xcassets */,
				EB33B2222681521400057C6F /* LaunchScreen.storyboard */,
				EB33B2252681521400057C6F /* Info.plist */,
			);
			path = EnderecoMVP;
			sourceTree = "<group>";
		};
		EB33B22B2681522A00057C6F /* Model */ = {
			isa = PBXGroup;
			children = (
				EB33B22C2681529200057C6F /* Endereco.swift */,
			);
			path = Model;
			sourceTree = "<group>";
		};
		EB33B22E268152A900057C6F /* Presenter */ = {
			isa = PBXGroup;
			children = (
				EB33B22F268152B400057C6F /* EnderecoPresenter.swift */,
			);
			path = Presenter;
			sourceTree = "<group>";
		};
/* End PBXGroup section */

/* Begin PBXNativeTarget section */
		EB33B2132681521100057C6F /* EnderecoMVP */ = {
			isa = PBXNativeTarget;
			buildConfigurationList = EB33B2282681521400057C6F /* Build configuration list for PBXNativeTarget "EnderecoMVP" */;
			buildPhases = (
				EB33B2102681521100057C6F /* Sources */,
				EB33B2112681521100057C6F /* Frameworks */,
				EB33B2122681521100057C6F /* Resources */,
			);
			buildRules = (
			);
			dependencies = (
			);
			name = EnderecoMVP;
			productName = EnderecoMVP;
			productReference = EB33B2142681521100057C6F /* EnderecoMVP.app */;
			productType = "com.apple.product-type.application";
		};
/* End PBXNativeTarget section */

/* Begin PBXProject section */
		EB33B20C2681521100057C6F /* Project object */ = {
			isa = PBXProject;
			attributes = {
				LastSwiftUpdateCheck = 1250;
				LastUpgradeCheck = 1250;
				TargetAttributes = {
					EB33B2132681521100057C6F = {
						CreatedOnToolsVersion = 12.5;
					};
				};
			};
			buildConfigurationList = EB33B20F2681521100057C6F /* Build configuration list for PBXProject "EnderecoMVP" */;
			compatibilityVersion = "Xcode 9.3";
			developmentRegion = en;
			hasScannedForEncodings = 0;
			knownRegions = (
				en,
				Base,
			);
			mainGroup = EB33B20B2681521100057C6F;
			productRefGroup = EB33B2152681521100057C6F /* Products */;
			projectDirPath = "";
			projectRoot = "";
			targets = (
				EB33B2132681521100057C6F /* EnderecoMVP */,
			);
		};
/* End PBXProject section */

/* Begin PBXResourcesBuildPhase section */
		EB33B2122681521100057C6F /* Resources */ = {
			isa = PBXResourcesBuildPhase;
			buildActionMask = 2147483647;
			files = (
				EB33B2242681521400057C6F /* LaunchScreen.storyboard in Resources */,
				EB33B2212681521400057C6F /* Assets.xcassets in Resources */,
				EB33B21F2681521100057C6F /* Main.storyboard in Resources */,
			);
			runOnlyForDeploymentPostprocessing = 0;
		};
/* End PBXResourcesBuildPhase section */

/* Begin PBXSourcesBuildPhase section */
		EB33B2102681521100057C6F /* Sources */ = {
			isa = PBXSourcesBuildPhase;
			buildActionMask = 2147483647;
			files = (
				EB33B21C2681521100057C6F /* ViewController.swift in Sources */,
				EB33B2182681521100057C6F /* AppDelegate.swift in Sources */,
				EB33B22D2681529200057C6F /* Endereco.swift in Sources */,
				EB33B21A2681521100057C6F /* SceneDelegate.swift in Sources */,
				EB33B230268152B400057C6F /* EnderecoPresenter.swift in Sources */,
			);
			runOnlyForDeploymentPostprocessing = 0;
		};
/* End PBXSourcesBuildPhase section */

/* Begin PBXVariantGroup section */
		EB33B21D2681521100057C6F /* Main.storyboard */ = {
			isa = PBXVariantGroup;
			children = (
				EB33B21E2681521100057C6F /* Base */,
			);
			name = Main.storyboard;
			sourceTree = "<group>";
		};
		EB33B2222681521400057C6F /* LaunchScreen.storyboard */ = {
			isa = PBXVariantGroup;
			children = (
				EB33B2232681521400057C6F /* Base */,
			);
			name = LaunchScreen.storyboard;
			sourceTree = "<group>";
		};
/* End PBXVariantGroup section */

/* Begin XCBuildConfiguration section */
		EB33B2262681521400057C6F /* Debug */ = {
			isa = XCBuildConfiguration;
			buildSettings = {
				ALWAYS_SEARCH_USER_PATHS = NO;
				CLANG_ANALYZER_NONNULL = YES;
				CLANG_ANALYZER_NUMBER_OBJECT_CONVERSION = YES_AGGRESSIVE;
				CLANG_CXX_LANGUAGE_STANDARD = "gnu++14";
				CLANG_CXX_LIBRARY = "libc++";
				CLANG_ENABLE_MODULES = YES;
				CLANG_ENABLE_OBJC_ARC = YES;
				CLANG_ENABLE_OBJC_WEAK = YES;
				CLANG_WARN_BLOCK_CAPTURE_AUTORELEASING = YES;
				CLANG_WARN_BOOL_CONVERSION = YES;
				CLANG_WARN_COMMA = YES;
				CLANG_WARN_CONSTANT_CONVERSION = YES;
				CLANG_WARN_DEPRECATED_OBJC_IMPLEMENTATIONS = YES;
				CLANG_WARN_DIRECT_OBJC_ISA_USAGE = YES_ERROR;
				CLANG_WARN_DOCUMENTATION_COMMENTS = YES;
				CLANG_WARN_EMPTY_BODY = YES;
				CLANG_WARN_ENUM_CONVERSION = YES;
				CLANG_WARN_INFINITE_RECURSION = YES;
				CLANG_WARN_INT_CONVERSION = YES;
				CLANG_WARN_NON_LITERAL_NULL_CONVERSION = YES;
				CLANG_WARN_OBJC_IMPLICIT_RETAIN_SELF = YES;
				CLANG_WARN_OBJC_LITERAL_CONVERSION = YES;
				CLANG_WARN_OBJC_ROOT_CLASS = YES_ERROR;
				CLANG_WARN_QUOTED_INCLUDE_IN_FRAMEWORK_HEADER = YES;
				CLANG_WARN_RANGE_LOOP_ANALYSIS = YES;
				CLANG_WARN_STRICT_PROTOTYPES = YES;
				CLANG_WARN_SUSPICIOUS_MOVE = YES;
				CLANG_WARN_UNGUARDED_AVAILABILITY = YES_AGGRESSIVE;
				CLANG_WARN_UNREACHABLE_CODE = YES;
				CLANG_WARN__DUPLICATE_METHOD_MATCH = YES;
				COPY_PHASE_STRIP = NO;
				DEBUG_INFORMATION_FORMAT = dwarf;
				ENABLE_STRICT_OBJC_MSGSEND = YES;
				ENABLE_TESTABILITY = YES;
				GCC_C_LANGUAGE_STANDARD = gnu11;
				GCC_DYNAMIC_NO_PIC = NO;
				GCC_NO_COMMON_BLOCKS = YES;
				GCC_OPTIMIZATION_LEVEL = 0;
				GCC_PREPROCESSOR_DEFINITIONS = (
					"DEBUG=1",
					"$(inherited)",
				);
				GCC_WARN_64_TO_32_BIT_CONVERSION = YES;
				GCC_WARN_ABOUT_RETURN_TYPE = YES_ERROR;
				GCC_WARN_UNDECLARED_SELECTOR = YES;
				GCC_WARN_UNINITIALIZED_AUTOS = YES_AGGRESSIVE;
				GCC_WARN_UNUSED_FUNCTION = YES;
				GCC_WARN_UNUSED_VARIABLE = YES;
				IPHONEOS_DEPLOYMENT_TARGET = 14.5;
				MTL_ENABLE_DEBUG_INFO = INCLUDE_SOURCE;
				MTL_FAST_MATH = YES;
				ONLY_ACTIVE_ARCH = YES;
				SDKROOT = iphoneos;
				SWIFT_ACTIVE_COMPILATION_CONDITIONS = DEBUG;
				SWIFT_OPTIMIZATION_LEVEL = "-Onone";
			};
			name = Debug;
		};
		EB33B2272681521400057C6F /* Release */ = {
			isa = XCBuildConfiguration;
			buildSettings = {
				ALWAYS_SEARCH_USER_PATHS = NO;
				CLANG_ANALYZER_NONNULL = YES;
				CLANG_ANALYZER_NUMBER_OBJECT_CONVERSION = YES_AGGRESSIVE;
				CLANG_CXX_LANGUAGE_STANDARD = "gnu++14";
				CLANG_CXX_LIBRARY = "libc++";
				CLANG_ENABLE_MODULES = YES;
				CLANG_ENABLE_OBJC_ARC = YES;
				CLANG_ENABLE_OBJC_WEAK = YES;
				CLANG_WARN_BLOCK_CAPTURE_AUTORELEASING = YES;
				CLANG_WARN_BOOL_CONVERSION = YES;
				CLANG_WARN_COMMA = YES;
				CLANG_WARN_CONSTANT_CONVERSION = YES;
				CLANG_WARN_DEPRECATED_OBJC_IMPLEMENTATIONS = YES;
				CLANG_WARN_DIRECT_OBJC_ISA_USAGE = YES_ERROR;
				CLANG_WARN_DOCUMENTATION_COMMENTS = YES;
				CLANG_WARN_EMPTY_BODY = YES;
				CLANG_WARN_ENUM_CONVERSION = YES;
				CLANG_WARN_INFINITE_RECURSION = YES;
				CLANG_WARN_INT_CONVERSION = YES;
				CLANG_WARN_NON_LITERAL_NULL_CONVERSION = YES;
				CLANG_WARN_OBJC_IMPLICIT_RETAIN_SELF = YES;
				CLANG_WARN_OBJC_LITERAL_CONVERSION = YES;
				CLANG_WARN_OBJC_ROOT_CLASS = YES_ERROR;
				CLANG_WARN_QUOTED_INCLUDE_IN_FRAMEWORK_HEADER = YES;
				CLANG_WARN_RANGE_LOOP_ANALYSIS = YES;
				CLANG_WARN_STRICT_PROTOTYPES = YES;
				CLANG_WARN_SUSPICIOUS_MOVE = YES;
				CLANG_WARN_UNGUARDED_AVAILABILITY = YES_AGGRESSIVE;
				CLANG_WARN_UNREACHABLE_CODE = YES;
				CLANG_WARN__DUPLICATE_METHOD_MATCH = YES;
				COPY_PHASE_STRIP = NO;
				DEBUG_INFORMATION_FORMAT = "dwarf-with-dsym";
				ENABLE_NS_ASSERTIONS = NO;
				ENABLE_STRICT_OBJC_MSGSEND = YES;
				GCC_C_LANGUAGE_STANDARD = gnu11;
				GCC_NO_COMMON_BLOCKS = YES;
				GCC_WARN_64_TO_32_BIT_CONVERSION = YES;
				GCC_WARN_ABOUT_RETURN_TYPE = YES_ERROR;
				GCC_WARN_UNDECLARED_SELECTOR = YES;
				GCC_WARN_UNINITIALIZED_AUTOS = YES_AGGRESSIVE;
				GCC_WARN_UNUSED_FUNCTION = YES;
				GCC_WARN_UNUSED_VARIABLE = YES;
				IPHONEOS_DEPLOYMENT_TARGET = 14.5;
				MTL_ENABLE_DEBUG_INFO = NO;
				MTL_FAST_MATH = YES;
				SDKROOT = iphoneos;
				SWIFT_COMPILATION_MODE = wholemodule;
				SWIFT_OPTIMIZATION_LEVEL = "-O";
				VALIDATE_PRODUCT = YES;
			};
			name = Release;
		};
		EB33B2292681521400057C6F /* Debug */ = {
			isa = XCBuildConfiguration;
			buildSettings = {
				ASSETCATALOG_COMPILER_APPICON_NAME = AppIcon;
				ASSETCATALOG_COMPILER_GLOBAL_ACCENT_COLOR_NAME = AccentColor;
				CODE_SIGN_STYLE = Automatic;
				DEVELOPMENT_TEAM = RRNNBMBSXJ;
				INFOPLIST_FILE = EnderecoMVP/Info.plist;
				LD_RUNPATH_SEARCH_PATHS = (
					"$(inherited)",
					"@executable_path/Frameworks",
				);
				PRODUCT_BUNDLE_IDENTIFIER = "br.iesb.2019-2.EnderecoMVP";
				PRODUCT_NAME = "$(TARGET_NAME)";
				SWIFT_VERSION = 5.0;
				TARGETED_DEVICE_FAMILY = "1,2";
			};
			name = Debug;
		};
		EB33B22A2681521400057C6F /* Release */ = {
			isa = XCBuildConfiguration;
			buildSettings = {
				ASSETCATALOG_COMPILER_APPICON_NAME = AppIcon;
				ASSETCATALOG_COMPILER_GLOBAL_ACCENT_COLOR_NAME = AccentColor;
				CODE_SIGN_STYLE = Automatic;
				DEVELOPMENT_TEAM = RRNNBMBSXJ;
				INFOPLIST_FILE = EnderecoMVP/Info.plist;
				LD_RUNPATH_SEARCH_PATHS = (
					"$(inherited)",
					"@executable_path/Frameworks",
				);
				PRODUCT_BUNDLE_IDENTIFIER = "br.iesb.2019-2.EnderecoMVP";
				PRODUCT_NAME = "$(TARGET_NAME)";
				SWIFT_VERSION = 5.0;
				TARGETED_DEVICE_FAMILY = "1,2";
			};
			name = Release;
		};
/* End XCBuildConfiguration section */

/* Begin XCConfigurationList section */
		EB33B20F2681521100057C6F /* Build configuration list for PBXProject "EnderecoMVP" */ = {
			isa = XCConfigurationList;
			buildConfigurations = (
				EB33B2262681521400057C6F /* Debug */,
				EB33B2272681521400057C6F /* Release */,
			);
			defaultConfigurationIsVisible = 0;
			defaultConfigurationName = Release;
		};
		EB33B2282681521400057C6F /* Build configuration list for PBXNativeTarget "EnderecoMVP" */ = {
			isa = XCConfigurationList;
			buildConfigurations = (
				EB33B2292681521400057C6F /* Debug */,
				EB33B22A2681521400057C6F /* Release */,
			);
			defaultConfigurationIsVisible = 0;
			defaultConfigurationName = Release;
		};
/* End XCConfigurationList section */
	};
	rootObject = EB33B20C2681521100057C6F /* Project object */;
}
